{
  "name": "my-note",
  "version": "1.0.0",
  "lockfileVersion": 1,
  "requires": true,
  "dependencies": {
    "@types/lodash": {
      "version": "4.14.109",
      "resolved": "https://registry.npmjs.org/@types/lodash/-/lodash-4.14.109.tgz",
      "integrity": "sha512-hop8SdPUEzbcJm6aTsmuwjIYQo1tqLseKCM+s2bBqTU2gErwI4fE+aqUVOlscPSQbKHKgtMMPoC+h4AIGOJYvw=="
    },
    "commander": {
      "version": "2.17.1",
      "resolved": "https://registry.npmjs.org/commander/-/commander-2.17.1.tgz",
      "integrity": "sha512-wPMUt6FnH2yzG95SA6mzjQOEKUU3aLaDEmzs1ti+1E9h+CsrZghRlqEM/EJ4KscsQVG8uNN4uVreUeT8+drlgg=="
    },
    "layui-src": {
      "version": "2.4.5",
      "resolved": "https://registry.npmjs.org/layui-src/-/layui-src-2.4.5.tgz",
      "integrity": "sha512-dPaMlKaq6nip9c8GoJccnVatN39k8I/p3UtqPvMX+TZKsAp6nGpysE7UZb5rvqGpZaL6ESqFqkmrwHj7BijLlA=="
    },
    "mockjs": {
      "version": "1.0.1-beta3",
      "resolved": "https://registry.npmjs.org/mockjs/-/mockjs-1.0.1-beta3.tgz",
      "integrity": "sha1-0jTzwnJWOXVk8slVFC6JGQlTcgk=",
      "requires": {
        "commander": "*"
      }
    },
    "tachyons": {
      "version": "4.11.1",
      "resolved": "https://registry.npmjs.org/tachyons/-/tachyons-4.11.1.tgz",
      "integrity": "sha512-n5zIZ8i8kZ8vz05vX1BdvkP8b9ufsMeSRmdqTuUtz5rlNxr03nntiZMc/HTADIsPYZj/wZJDJglxV0/yvvaiZA=="
    }
  }
}
